
Microsoft Visual Studio Solution File, Format Version 12.00
# Visual Studio Version 17
VisualStudioVersion = 17.9.34723.18
MinimumVisualStudioVersion = 10.0.40219.1
Project("{FAE04EC0-301F-11D3-BF4B-00C04F79EFBC}") = "LAB4-Web server", "LAB4-Web server.csproj", "{6C61B653-8B35-446F-84B8-0456B0095E8F}"
EndProject
Project("{FAE04EC0-301F-11D3-BF4B-00C04F79EFBC}") = "client", "..\client\client.csproj", "{05232153-E511-4300-B8B4-78683778FE45}"
EndProject
Project("{FAE04EC0-301F-11D3-BF4B-00C04F79EFBC}") = "form", "..\form\form.csproj", "{6583EFD9-35A1-4050-8FA9-2359AE9F0FBB}"
EndProject
Global
	GlobalSection(SolutionConfigurationPlatforms) = preSolution
		Debug|Any CPU = Debug|Any CPU
		Release|Any CPU = Release|Any CPU
	EndGlobalSection
	GlobalSection(ProjectConfigurationPlatforms) = postSolution
		{6C61B653-8B35-446F-84B8-0456B0095E8F}.Debug|Any CPU.ActiveCfg = Debug|Any CPU
		{6C61B653-8B35-446F-84B8-0456B0095E8F}.Debug|Any CPU.Build.0 = Debug|Any CPU
		{6C61B653-8B35-446F-84B8-0456B0095E8F}.Release|Any CPU.ActiveCfg = Release|Any CPU
		{6C61B653-8B35-446F-84B8-0456B0095E8F}.Release|Any CPU.Build.0 = Release|Any CPU
		{05232153-E511-4300-B8B4-78683778FE45}.Debug|Any CPU.ActiveCfg = Debug|Any CPU
		{05232153-E511-4300-B8B4-78683778FE45}.Debug|Any CPU.Build.0 = Debug|Any CPU
		{05232153-E511-4300-B8B4-78683778FE45}.Release|Any CPU.ActiveCfg = Release|Any CPU
		{05232153-E511-4300-B8B4-78683778FE45}.Release|Any CPU.Build.0 = Release|Any CPU
		{6583EFD9-35A1-4050-8FA9-2359AE9F0FBB}.Debug|Any CPU.ActiveCfg = Debug|Any CPU
		{6583EFD9-35A1-4050-8FA9-2359AE9F0FBB}.Debug|Any CPU.Build.0 = Debug|Any CPU
		{6583EFD9-35A1-4050-8FA9-2359AE9F0FBB}.Release|Any CPU.ActiveCfg = Release|Any CPU
		{6583EFD9-35A1-4050-8FA9-2359AE9F0FBB}.Release|Any CPU.Build.0 = Release|Any CPU
	EndGlobalSection
	GlobalSection(SolutionProperties) = preSolution
		HideSolutionNode = FALSE
	EndGlobalSection
	GlobalSection(ExtensibilityGlobals) = postSolution
		SolutionGuid = {08976503-51C3-4532-9E2F-EE5867FC63C1}
	EndGlobalSection
EndGlobal
